<?xml version="1.0" encoding="utf-8"?>
<Project ToolsVersion="4.0" xmlns="http://schemas.microsoft.com/developer/msbuild/2003">
  <ItemGroup>
    <Filter Include="Source Files">
      <UniqueIdentifier>{4FC737F1-C7A5-4376-A066-2A32D752A2FF}</UniqueIdentifier>
      <Extensions>cpp;c;cc;cxx;def;odl;idl;hpj;bat;asm;asmx</Extensions>
    </Filter>
    <Filter Include="Header Files">
      <UniqueIdentifier>{93995380-89BD-4b04-88EB-625FBE52EBFB}</UniqueIdentifier>
      <Extensions>h;hh;hpp;hxx;hm;inl;inc;xsd</Extensions>
    </Filter>
    <Filter Include="Resource Files">
      <UniqueIdentifier>{67DA6AB6-F800-4c08-8B7A-83BB121AAD01}</UniqueIdentifier>
      <Extensions>rc;ico;cur;bmp;dlg;rc2;rct;bin;rgs;gif;jpg;jpeg;jpe;resx;tiff;tif;png;wav</Extensions>
    </Filter>
  </ItemGroup>
  <ItemGroup>
    <ClCompile Include="main.cpp">
      <Filter>Source Files</Filter>
    </ClCompile>
  </ItemGroup>
  <ItemGroup>
    <ClInclude Include="include\sics\adjacency_degreesortedlistmat.h">
      <Filter>Header Files</Filter>
    </ClInclude>
    <ClInclude Include="include\sics\adjacency_list.h">
      <Filter>Header Files</Filter>
    </ClInclude>
    <ClInclude Include="include\sics\adjacency_listmat.h">
      <Filter>Header Files</Filter>
    </ClInclude>
    <ClInclude Include="include\sics\backjumping_bitset_degreeprune_ind.h">
      <Filter>Header Files</Filter>
    </ClInclude>
    <ClInclude Include="include\sics\backjumping_bitset_degreesequenceprune_ind.h">
      <Filter>Header Files</Filter>
    </ClInclude>
    <ClInclude Include="include\sics\backjumping_degreeprune_ind.h">
      <Filter>Header Files</Filter>
    </ClInclude>
    <ClInclude Include="include\sics\backjumping_degreesequenceprune_ind.h">
      <Filter>Header Files</Filter>
    </ClInclude>
    <ClInclude Include="include\sics\backjumping_ind.h">
      <Filter>Header Files</Filter>
    </ClInclude>
    <ClInclude Include="include\sics\backmarking_degreeprune_ind.h">
      <Filter>Header Files</Filter>
    </ClInclude>
    <ClInclude Include="include\sics\backmarking_ind.h">
      <Filter>Header Files</Filter>
    </ClInclude>
    <ClInclude Include="include\sics\backtracking_adjacentconsistency_forwardcount_ind.h">
      <Filter>Header Files</Filter>
    </ClInclude>
    <ClInclude Include="include\sics\backtracking_adjacentconsistency_ind.h">
      <Filter>Header Files</Filter>
    </ClInclude>
    <ClInclude Include="include\sics\backtracking_adjacentconsistency_precount_ind.h">
      <Filter>Header Files</Filter>
    </ClInclude>
    <ClInclude Include="include\sics\backtracking_bitset_degreeprune_ind.h">
      <Filter>Header Files</Filter>
    </ClInclude>
    <ClInclude Include="include\sics\backtracking_bitset_degreesequenceprune_ind.h">
      <Filter>Header Files</Filter>
    </ClInclude>
    <ClInclude Include="include\sics\backtracking_degreeprune_adjacentconsistency_forwardcount_ind.h">
      <Filter>Header Files</Filter>
    </ClInclude>
    <ClInclude Include="include\sics\backtracking_degreeprune_adjacentconsistency_ind.h">
      <Filter>Header Files</Filter>
    </ClInclude>
    <ClInclude Include="include\sics\backtracking_degreeprune_adjacentconsistency_precount_ind.h">
      <Filter>Header Files</Filter>
    </ClInclude>
    <ClInclude Include="include\sics\backtracking_degreeprune_ind.h">
      <Filter>Header Files</Filter>
    </ClInclude>
    <ClInclude Include="include\sics\backtracking_degreesequenceprune_ind.h">
      <Filter>Header Files</Filter>
    </ClInclude>
    <ClInclude Include="include\sics\backtracking_forwardcount_ind.h">
      <Filter>Header Files</Filter>
    </ClInclude>
    <ClInclude Include="include\sics\backtracking_ind.h">
      <Filter>Header Files</Filter>
    </ClInclude>
    <ClInclude Include="include\sics\backtracking_parent_adjacentconsistency_forwardcount_ind.h">
      <Filter>Header Files</Filter>
    </ClInclude>
    <ClInclude Include="include\sics\backtracking_parent_adjacentconsistency_ind.h">
      <Filter>Header Files</Filter>
    </ClInclude>
    <ClInclude Include="include\sics\backtracking_parent_adjacentconsistency_precount_ind.h">
      <Filter>Header Files</Filter>
    </ClInclude>
    <ClInclude Include="include\sics\backtracking_parent_degreeprune_adjacentconsistency_forwardcount_ind.h">
      <Filter>Header Files</Filter>
    </ClInclude>
    <ClInclude Include="include\sics\backtracking_parent_degreeprune_adjacentconsistency_ind.h">
      <Filter>Header Files</Filter>
    </ClInclude>
    <ClInclude Include="include\sics\backtracking_parent_degreeprune_adjacentconsistency_precount_ind.h">
      <Filter>Header Files</Filter>
    </ClInclude>
    <ClInclude Include="include\sics\backtracking_parent_degreeprune_ind.h">
      <Filter>Header Files</Filter>
    </ClInclude>
    <ClInclude Include="include\sics\backtracking_parent_forwardcount_ind.h">
      <Filter>Header Files</Filter>
    </ClInclude>
    <ClInclude Include="include\sics\backtracking_parent_ind.h">
      <Filter>Header Files</Filter>
    </ClInclude>
    <ClInclude Include="include\sics\conflictbackjumping_degreeprune_ind.h">
      <Filter>Header Files</Filter>
    </ClInclude>
    <ClInclude Include="include\sics\conflictbackjumping_degreesequenceprune_ind.h">
      <Filter>Header Files</Filter>
    </ClInclude>
    <ClInclude Include="include\sics\conflictbackjumping_ind.h">
      <Filter>Header Files</Filter>
    </ClInclude>
    <ClInclude Include="include\sics\consistency_utilities.h">
      <Filter>Header Files</Filter>
    </ClInclude>
    <ClInclude Include="include\sics\forwardchecking_bitset_degreeprune_ac1_ind.h">
      <Filter>Header Files</Filter>
    </ClInclude>
    <ClInclude Include="include\sics\forwardchecking_bitset_degreeprune_countingalldifferent_ind.h">
      <Filter>Header Files</Filter>
    </ClInclude>
    <ClInclude Include="include\sics\forwardchecking_bitset_degreeprune_ind.h">
      <Filter>Header Files</Filter>
    </ClInclude>
    <ClInclude Include="include\sics\forwardchecking_bitset_degreesequenceprune_ac1_ind.h">
      <Filter>Header Files</Filter>
    </ClInclude>
    <ClInclude Include="include\sics\forwardchecking_bitset_degreesequenceprune_countingalldifferent_ind.h">
      <Filter>Header Files</Filter>
    </ClInclude>
    <ClInclude Include="include\sics\forwardchecking_bitset_degreesequenceprune_ind.h">
      <Filter>Header Files</Filter>
    </ClInclude>
    <ClInclude Include="include\sics\forwardchecking_bitset_mrv_degreeprune_ac1_ind.h">
      <Filter>Header Files</Filter>
    </ClInclude>
    <ClInclude Include="include\sics\forwardchecking_bitset_mrv_degreeprune_countingalldifferent_ind.h">
      <Filter>Header Files</Filter>
    </ClInclude>
    <ClInclude Include="include\sics\forwardchecking_bitset_mrv_degreeprune_ind.h">
      <Filter>Header Files</Filter>
    </ClInclude>
    <ClInclude Include="include\sics\forwardchecking_bitset_mrv_degreesequenceprune_ac1_ind.h">
      <Filter>Header Files</Filter>
    </ClInclude>
    <ClInclude Include="include\sics\forwardchecking_bitset_mrv_degreesequenceprune_countingalldifferent_ind.h">
      <Filter>Header Files</Filter>
    </ClInclude>
    <ClInclude Include="include\sics\forwardchecking_bitset_mrv_degreesequenceprune_ind.h">
      <Filter>Header Files</Filter>
    </ClInclude>
    <ClInclude Include="include\sics\forwardchecking_degreeprune_ind.h">
      <Filter>Header Files</Filter>
    </ClInclude>
    <ClInclude Include="include\sics\forwardchecking_degreesequenceprune_ind.h">
      <Filter>Header Files</Filter>
    </ClInclude>
    <ClInclude Include="include\sics\forwardchecking_ind.h">
      <Filter>Header Files</Filter>
    </ClInclude>
    <ClInclude Include="include\sics\forwardchecking_mrv_degreeprune_ind.h">
      <Filter>Header Files</Filter>
    </ClInclude>
    <ClInclude Include="include\sics\graph_traits.h">
      <Filter>Header Files</Filter>
    </ClInclude>
    <ClInclude Include="include\sics\graph_utilities.h">
      <Filter>Header Files</Filter>
    </ClInclude>
    <ClInclude Include="include\sics\label_equivalence.h">
      <Filter>Header Files</Filter>
    </ClInclude>
    <ClInclude Include="include\sics\lazyforwardcheckingbackjumping_low_bitset_degreeprune_ind.h">
      <Filter>Header Files</Filter>
    </ClInclude>
    <ClInclude Include="include\sics\lazyforwardcheckingbackjumping_low_bitset_degreesequenceprune_ind.h">
      <Filter>Header Files</Filter>
    </ClInclude>
    <ClInclude Include="include\sics\lazyforwardchecking_degreeprune_ind.h">
      <Filter>Header Files</Filter>
    </ClInclude>
    <ClInclude Include="include\sics\lazyforwardchecking_degreesequenceprune_ind.h">
      <Filter>Header Files</Filter>
    </ClInclude>
    <ClInclude Include="include\sics\lazyforwardchecking_ind.h">
      <Filter>Header Files</Filter>
    </ClInclude>
    <ClInclude Include="include\sics\lazyforwardchecking_low_bitset_degreeprune_ind.h">
      <Filter>Header Files</Filter>
    </ClInclude>
    <ClInclude Include="include\sics\lazyforwardchecking_low_bitset_degreesequenceprune_ind.h">
      <Filter>Header Files</Filter>
    </ClInclude>
    <ClInclude Include="include\sics\lazyforwardchecking_low_degreeprune_ind.h">
      <Filter>Header Files</Filter>
    </ClInclude>
    <ClInclude Include="include\sics\lazyforwardchecking_low_degreesequenceprune_ind.h">
      <Filter>Header Files</Filter>
    </ClInclude>
    <ClInclude Include="include\sics\lazyforwardchecking_low_ind.h">
      <Filter>Header Files</Filter>
    </ClInclude>
    <ClInclude Include="include\sics\lazyforwardchecking_low_parent_degreeprune_ind.h">
      <Filter>Header Files</Filter>
    </ClInclude>
    <ClInclude Include="include\sics\lazyforwardchecking_low_parent_ind.h">
      <Filter>Header Files</Filter>
    </ClInclude>
    <ClInclude Include="include\sics\lazyforwardchecking_parent_degreeprune_ind.h">
      <Filter>Header Files</Filter>
    </ClInclude>
    <ClInclude Include="include\sics\lazyforwardchecking_parent_degreesequenceprune_ind.h">
      <Filter>Header Files</Filter>
    </ClInclude>
    <ClInclude Include="include\sics\lazyforwardchecking_parent_ind.h">
      <Filter>Header Files</Filter>
    </ClInclude>
    <ClInclude Include="include\sics\multi_stack.h">
      <Filter>Header Files</Filter>
    </ClInclude>
    <ClInclude Include="include\sics\read_amalfi.h">
      <Filter>Header Files</Filter>
    </ClInclude>
    <ClInclude Include="include\sics\read_gal.h">
      <Filter>Header Files</Filter>
    </ClInclude>
    <ClInclude Include="include\sics\read_galv.h">
      <Filter>Header Files</Filter>
    </ClInclude>
    <ClInclude Include="include\sics\read_galve.h">
      <Filter>Header Files</Filter>
    </ClInclude>
    <ClInclude Include="include\sics\read_gf.h">
      <Filter>Header Files</Filter>
    </ClInclude>
    <ClInclude Include="include\sics\read_ldgraphs.h">
      <Filter>Header Files</Filter>
    </ClInclude>
    <ClInclude Include="include\sics\stats.h">
      <Filter>Header Files</Filter>
    </ClInclude>
    <ClInclude Include="include\sics\vertex_order.h">
      <Filter>Header Files</Filter>
    </ClInclude>
  </ItemGroup>
</Project>